// !$*UTF8*$!
{
	archiveVersion = 1;
	classes = {
	};
	objectVersion = 46;
	objects = {

/* Begin PBXBuildFile section */
		751D60431E62EB64001E057F /* AppDelegate.swift in Sources */ = {isa = PBXBuildFile; fileRef = 751D60421E62EB64001E057F /* AppDelegate.swift */; };
		751D60451E62EB64001E057F /* ViewController.swift in Sources */ = {isa = PBXBuildFile; fileRef = 751D60441E62EB64001E057F /* ViewController.swift */; };
		751D60481E62EB64001E057F /* Main.storyboard in Resources */ = {isa = PBXBuildFile; fileRef = 751D60461E62EB64001E057F /* Main.storyboard */; };
		751D604A1E62EB64001E057F /* Assets.xcassets in Resources */ = {isa = PBXBuildFile; fileRef = 751D60491E62EB64001E057F /* Assets.xcassets */; };
		751D604D1E62EB64001E057F /* LaunchScreen.storyboard in Resources */ = {isa = PBXBuildFile; fileRef = 751D604B1E62EB64001E057F /* LaunchScreen.storyboard */; };
/* End PBXBuildFile section */

/* Begin PBXFileReference section */
		751D603F1E62EB64001E057F /* CarEquipment.app */ = {isa = PBXFileReference; explicitFileType = wrapper.application; includeInIndex = 0; path = CarEquipment.app; sourceTree = BUILT_PRODUCTS_DIR; };
		751D60421E62EB64001E057F /* AppDelegate.swift */ = {isa = PBXFileReference; lastKnownFileType = sourcecode.swift; path = AppDelegate.swift; sourceTree = "<group>"; };
		751D60441E62EB64001E057F /* ViewController.swift */ = {isa = PBXFileReference; lastKnownFileType = sourcecode.swift; path = ViewController.swift; sourceTree = "<group>"; };
		751D60471E62EB64001E057F /* Base */ = {isa = PBXFileReference; lastKnownFileType = file.storyboard; name = Base; path = Base.lproj/Main.storyboard; sourceTree = "<group>"; };
		751D60491E62EB64001E057F /* Assets.xcassets */ = {isa = PBXFileReference; lastKnownFileType = folder.assetcatalog; path = Assets.xcassets; sourceTree = "<group>"; };
		751D604C1E62EB64001E057F /* Base */ = {isa = PBXFileReference; lastKnownFileType = file.storyboard; name = Base; path = Base.lproj/LaunchScreen.storyboard; sourceTree = "<group>"; };
		751D604E1E62EB64001E057F /* Info.plist */ = {isa = PBXFileReference; lastKnownFileType = text.plist.xml; path = Info.plist; sourceTree = "<group>"; };
/* End PBXFileReference section */

/* Begin PBXFrameworksBuildPhase section */
		751D603C1E62EB64001E057F /* Frameworks */ = {
			isa = PBXFrameworksBuildPhase;
			buildActionMask = 2147483647;
			files = (
			);
			runOnlyForDeploymentPostprocessing = 0;
		};
/* End PBXFrameworksBuildPhase section */

/* Begin PBXGroup section */
		751D60361E62EB64001E057F = {
			isa = PBXGroup;
			children = (
				751D60411E62EB64001E057F /* CarEquipment */,
				751D60401E62EB64001E057F /* Products */,
			);
			sourceTree = "<group>";
		};
		751D60401E62EB64001E057F /* Products */ = {
			isa = PBXGroup;
			children = (
				751D603F1E62EB64001E057F /* CarEquipment.app */,
			);
			name = Products;
			sourceTree = "<group>";
		};
		751D60411E62EB64001E057F /* CarEquipment */ = {
			isa = PBXGroup;
			children = (
				751D60421E62EB64001E057F /* AppDelegate.swift */,
				751D60441E62EB64001E057F /* ViewController.swift */,
				751D60461E62EB64001E057F /* Main.storyboard */,
				751D60491E62EB64001E057F /* Assets.xcassets */,
				751D604B1E62EB64001E057F /* LaunchScreen.storyboard */,
				751D604E1E62EB64001E057F /* Info.plist */,
			);
			path = CarEquipment;
			sourceTree = "<group>";
		};
/* End PBXGroup section */

/* Begin PBXNativeTarget section */
		751D603E1E62EB64001E057F /* CarEquipment */ = {
			isa = PBXNativeTarget;
			buildConfigurationList = 751D60511E62EB64001E057F /* Build configuration list for PBXNativeTarget "CarEquipment" */;
			buildPhases = (
				751D603B1E62EB64001E057F /* Sources */,
				751D603C1E62EB64001E057F /* Frameworks */,
				751D603D1E62EB64001E057F /* Resources */,
			);
			buildRules = (
			);
			dependencies = (
			);
			name = CarEquipment;
			productName = CarEquipment;
			productReference = 751D603F1E62EB64001E057F /* CarEquipment.app */;
			productType = "com.apple.product-type.application";
		};
/* End PBXNativeTarget section */

/* Begin PBXProject section */
		751D60371E62EB64001E057F /* Project object */ = {
			isa = PBXProject;
			attributes = {
				LastSwiftUpdateCheck = 0820;
				LastUpgradeCheck = 0820;
				ORGANIZATIONNAME = "Фёдор Королёв";
				TargetAttributes = {
					751D603E1E62EB64001E057F = {
						CreatedOnToolsVersion = 8.2.1;
						ProvisioningStyle = Automatic;
					};
				};
			};
			buildConfigurationList = 751D603A1E62EB64001E057F /* Build configuration list for PBXProject "CarEquipment" */;
			compatibilityVersion = "Xcode 3.2";
			developmentRegion = English;
			hasScannedForEncodings = 0;
			knownRegions = (
				en,
				Base,
			);
			mainGroup = 751D60361E62EB64001E057F;
			productRefGroup = 751D60401E62EB64001E057F /* Products */;
			projectDirPath = "";
			projectRoot = "";
			targets = (
				751D603E1E62EB64001E057F /* CarEquipment */,
			);
		};
/* End PBXProject section */

/* Begin PBXResourcesBuildPhase section */
		751D603D1E62EB64001E057F /* Resources */ = {
			isa = PBXResourcesBuildPhase;
			buildActionMask = 2147483647;
			files = (
				751D604D1E62EB64001E057F /* LaunchScreen.storyboard in Resources */,
				751D604A1E62EB64001E057F /* Assets.xcassets in Resources */,
				751D60481E62EB64001E057F /* Main.storyboard in Resources */,
			);
			runOnlyForDeploymentPostprocessing = 0;
		};
/* End PBXResourcesBuildPhase section */

/* Begin PBXSourcesBuildPhase section */
		751D603B1E62EB64001E057F /* Sources */ = {
			isa = PBXSourcesBuildPhase;
			buildActionMask = 2147483647;
			files = (
				751D60451E62EB64001E057F /* ViewController.swift in Sources */,
				751D60431E62EB64001E057F /* AppDelegate.swift in Sources */,
			);
			runOnlyForDeploymentPostprocessing = 0;
		};
/* End PBXSourcesBuildPhase section */

/* Begin PBXVariantGroup section */
		751D60461E62EB64001E057F /* Main.storyboard */ = {
			isa = PBXVariantGroup;
			children = (
				751D60471E62EB64001E057F /* Base */,
			);
			name = Main.storyboard;
			sourceTree = "<group>";
		};
		751D604B1E62EB64001E057F /* LaunchScreen.storyboard */ = {
			isa = PBXVariantGroup;
			children = (
				751D604C1E62EB64001E057F /* Base */,
			);
			name = LaunchScreen.storyboard;
			sourceTree = "<group>";
		};
/* End PBXVariantGroup section */

/* Begin XCBuildConfiguration section */
		751D604F1E62EB64001E057F /* Debug */ = {
			isa = XCBuildConfiguration;
			buildSettings = {
				ALWAYS_SEARCH_USER_PATHS = NO;
				CLANG_ANALYZER_NONNULL = YES;
				CLANG_CXX_LANGUAGE_STANDARD = "gnu++0x";
				CLANG_CXX_LIBRARY = "libc++";
				CLANG_ENABLE_MODULES = YES;
				CLANG_ENABLE_OBJC_ARC = YES;
				CLANG_WARN_BOOL_CONVERSION = YES;
				CLANG_WARN_CONSTANT_CONVERSION = YES;
				CLANG_WARN_DIRECT_OBJC_ISA_USAGE = YES_ERROR;
				CLANG_WARN_DOCUMENTATION_COMMENTS = YES;
				CLANG_WARN_EMPTY_BODY = YES;
				CLANG_WARN_ENUM_CONVERSION = YES;
				CLANG_WARN_INFINITE_RECURSION = YES;
				CLANG_WARN_INT_CONVERSION = YES;
				CLANG_WARN_OBJC_ROOT_CLASS = YES_ERROR;
				CLANG_WARN_SUSPICIOUS_MOVE = YES;
				CLANG_WARN_UNREACHABLE_CODE = YES;
				CLANG_WARN__DUPLICATE_METHOD_MATCH = YES;
				"CODE_SIGN_IDENTITY[sdk=iphoneos*]" = "iPhone Developer";
				COPY_PHASE_STRIP = NO;
				DEBUG_INFORMATION_FORMAT = dwarf;
				ENABLE_STRICT_OBJC_MSGSEND = YES;
				ENABLE_TESTABILITY = YES;
				GCC_C_LANGUAGE_STANDARD = gnu99;
				GCC_DYNAMIC_NO_PIC = NO;
				GCC_NO_COMMON_BLOCKS = YES;
				GCC_OPTIMIZATION_LEVEL = 0;
				GCC_PREPROCESSOR_DEFINITIONS = (
					"DEBUG=1",
					"$(inherited)",
				);
				GCC_WARN_64_TO_32_BIT_CONVERSION = YES;
				GCC_WARN_ABOUT_RETURN_TYPE = YES_ERROR;
				GCC_WARN_UNDECLARED_SELECTOR = YES;
				GCC_WARN_UNINITIALIZED_AUTOS = YES_AGGRESSIVE;
				GCC_WARN_UNUSED_FUNCTION = YES;
				GCC_WARN_UNUSED_VARIABLE = YES;
				IPHONEOS_DEPLOYMENT_TARGET = 10.2;
				MTL_ENABLE_DEBUG_INFO = YES;
				ONLY_ACTIVE_ARCH = YES;
				SDKROOT = iphoneos;
				SWIFT_ACTIVE_COMPILATION_CONDITIONS = DEBUG;
				SWIFT_OPTIMIZATION_LEVEL = "-Onone";
				TARGETED_DEVICE_FAMILY = "1,2";
			};
			name = Debug;
		};
		751D60501E62EB64001E057F /* Release */ = {
			isa = XCBuildConfiguration;
			buildSettings = {
				ALWAYS_SEARCH_USER_PATHS = NO;
				CLANG_ANALYZER_NONNULL = YES;
				CLANG_CXX_LANGUAGE_STANDARD = "gnu++0x";
				CLANG_CXX_LIBRARY = "libc++";
				CLANG_ENABLE_MODULES = YES;
				CLANG_ENABLE_OBJC_ARC = YES;
				CLANG_WARN_BOOL_CONVERSION = YES;
				CLANG_WARN_CONSTANT_CONVERSION = YES;
				CLANG_WARN_DIRECT_OBJC_ISA_USAGE = YES_ERROR;
				CLANG_WARN_DOCUMENTATION_COMMENTS = YES;
				CLANG_WARN_EMPTY_BODY = YES;
				CLANG_WARN_ENUM_CONVERSION = YES;
				CLANG_WARN_INFINITE_RECURSION = YES;
				CLANG_WARN_INT_CONVERSION = YES;
				CLANG_WARN_OBJC_ROOT_CLASS = YES_ERROR;
				CLANG_WARN_SUSPICIOUS_MOVE = YES;
				CLANG_WARN_UNREACHABLE_CODE = YES;
				CLANG_WARN__DUPLICATE_METHOD_MATCH = YES;
				"CODE_SIGN_IDENTITY[sdk=iphoneos*]" = "iPhone Developer";
				COPY_PHASE_STRIP = NO;
				DEBUG_INFORMATION_FORMAT = "dwarf-with-dsym";
				ENABLE_NS_ASSERTIONS = NO;
				ENABLE_STRICT_OBJC_MSGSEND = YES;
				GCC_C_LANGUAGE_STANDARD = gnu99;
				GCC_NO_COMMON_BLOCKS = YES;
				GCC_WARN_64_TO_32_BIT_CONVERSION = YES;
				GCC_WARN_ABOUT_RETURN_TYPE = YES_ERROR;
				GCC_WARN_UNDECLARED_SELECTOR = YES;
				GCC_WARN_UNINITIALIZED_AUTOS = YES_AGGRESSIVE;
				GCC_WARN_UNUSED_FUNCTION = YES;
				GCC_WARN_UNUSED_VARIABLE = YES;
				IPHONEOS_DEPLOYMENT_TARGET = 10.2;
				MTL_ENABLE_DEBUG_INFO = NO;
				SDKROOT = iphoneos;
				SWIFT_OPTIMIZATION_LEVEL = "-Owholemodule";
				TARGETED_DEVICE_FAMILY = "1,2";
				VALIDATE_PRODUCT = YES;
			};
			name = Release;
		};
		751D60521E62EB64001E057F /* Debug */ = {
			isa = XCBuildConfiguration;
			buildSettings = {
				ASSETCATALOG_COMPILER_APPICON_NAME = AppIcon;
				INFOPLIST_FILE = CarEquipment/Info.plist;
				LD_RUNPATH_SEARCH_PATHS = "$(inherited) @executable_path/Frameworks";
				PRODUCT_BUNDLE_IDENTIFIER = com.example.CarEquipment;
				PRODUCT_NAME = "$(TARGET_NAME)";
				SWIFT_VERSION = 3.0;
			};
			name = Debug;
		};
		751D60531E62EB64001E057F /* Release */ = {
			isa = XCBuildConfiguration;
			buildSettings = {
				ASSETCATALOG_COMPILER_APPICON_NAME = AppIcon;
				INFOPLIST_FILE = CarEquipment/Info.plist;
				LD_RUNPATH_SEARCH_PATHS = "$(inherited) @executable_path/Frameworks";
				PRODUCT_BUNDLE_IDENTIFIER = com.example.CarEquipment;
				PRODUCT_NAME = "$(TARGET_NAME)";
				SWIFT_VERSION = 3.0;
			};
			name = Release;
		};
/* End XCBuildConfiguration section */

/* Begin XCConfigurationList section */
		751D603A1E62EB64001E057F /* Build configuration list for PBXProject "CarEquipment" */ = {
			isa = XCConfigurationList;
			buildConfigurations = (
				751D604F1E62EB64001E057F /* Debug */,
				751D60501E62EB64001E057F /* Release */,
			);
			defaultConfigurationIsVisible = 0;
			defaultConfigurationName = Release;
		};
		751D60511E62EB64001E057F /* Build configuration list for PBXNativeTarget "CarEquipment" */ = {
			isa = XCConfigurationList;
			buildConfigurations = (
				751D60521E62EB64001E057F /* Debug */,
				751D60531E62EB64001E057F /* Release */,
			);
			defaultConfigurationIsVisible = 0;
		};
/* End XCConfigurationList section */
	};
	rootObject = 751D60371E62EB64001E057F /* Project object */;
}
